# @generated - this file is auto-generated by `mise lock` https://mise.jdx.dev/dev-tools/mise-lock.html

[[tools."go:crdx.org/cmd/alpha"]]
version = "1.6.3"
backend = "go:crdx.org/cmd/alpha"

[[tools."go:crdx.org/cmd/beta"]]
version = "1.6.3"
backend = "go:crdx.org/cmd/beta"

[[tools."go:crdx.org/cmd/gamma"]]
version = "1.6.3"
backend = "go:crdx.org/cmd/gamma"
